// !$*UTF8*$!
{
	archiveVersion = 1;
	classes = {
	};
	objectVersion = 51;
	objects = {

/* Begin PBXBuildFile section */
		982BA62824BDB5CC0031E922 /* AppDelegate.swift in Sources */ = {isa = PBXBuildFile; fileRef = 982BA62724BDB5CC0031E922 /* AppDelegate.swift */; };
		982BA62A24BDB5CC0031E922 /* SceneDelegate.swift in Sources */ = {isa = PBXBuildFile; fileRef = 982BA62924BDB5CC0031E922 /* SceneDelegate.swift */; };
		982BA62C24BDB5CC0031E922 /* ViewController.swift in Sources */ = {isa = PBXBuildFile; fileRef = 982BA62B24BDB5CC0031E922 /* ViewController.swift */; };
		982BA62F24BDB5CC0031E922 /* Main.storyboard in Resources */ = {isa = PBXBuildFile; fileRef = 982BA62D24BDB5CC0031E922 /* Main.storyboard */; };
		982BA63124BDB5CE0031E922 /* Assets.xcassets in Resources */ = {isa = PBXBuildFile; fileRef = 982BA63024BDB5CE0031E922 /* Assets.xcassets */; };
		982BA63424BDB5CE0031E922 /* LaunchScreen.storyboard in Resources */ = {isa = PBXBuildFile; fileRef = 982BA63224BDB5CE0031E922 /* LaunchScreen.storyboard */; };
		982BA63C24BDB6070031E922 /* NSURLSessionPinningDelegate.swift in Sources */ = {isa = PBXBuildFile; fileRef = 982BA63B24BDB6070031E922 /* NSURLSessionPinningDelegate.swift */; };
		982BA63E24BDB6140031E922 /* sni.cloudflaressl.com.cer in Resources */ = {isa = PBXBuildFile; fileRef = 982BA63D24BDB6140031E922 /* sni.cloudflaressl.com.cer */; };
		B8846B322576F93A00D9AB26 /* Podfile in Resources */ = {isa = PBXBuildFile; fileRef = B8846B312576F93A00D9AB26 /* Podfile */; };
		B8846B3A2576FF2B00D9AB26 /* DetailsViewController.swift in Sources */ = {isa = PBXBuildFile; fileRef = B8846B392576FF2B00D9AB26 /* DetailsViewController.swift */; };
		B8846B462577052100D9AB26 /* VHSZf.png in Resources */ = {isa = PBXBuildFile; fileRef = B8846B452577052100D9AB26 /* VHSZf.png */; };
		B8846B512577061200D9AB26 /* icons8-google-48.png in Resources */ = {isa = PBXBuildFile; fileRef = B8846B4D2577061200D9AB26 /* icons8-google-48.png */; };
		B8846B522577061200D9AB26 /* icons8-google-240.png in Resources */ = {isa = PBXBuildFile; fileRef = B8846B4E2577061200D9AB26 /* icons8-google-240.png */; };
		B8846B532577061200D9AB26 /* icons8-google-144.png in Resources */ = {isa = PBXBuildFile; fileRef = B8846B4F2577061200D9AB26 /* icons8-google-144.png */; };
		B8846B542577061200D9AB26 /* icons8-google-96.png in Resources */ = {isa = PBXBuildFile; fileRef = B8846B502577061200D9AB26 /* icons8-google-96.png */; };
		B8846B5F25770AC500D9AB26 /* 44594.png in Resources */ = {isa = PBXBuildFile; fileRef = B8846B5E25770AC500D9AB26 /* 44594.png */; };
		F8B2CD19DC0EE7F6AD1E4E66 /* Pods_SSLPinningSwift.framework in Frameworks */ = {isa = PBXBuildFile; fileRef = D663ABED1936BAC769BF4E02 /* Pods_SSLPinningSwift.framework */; };
/* End PBXBuildFile section */

/* Begin PBXFileReference section */
		2AF91531399AC8C8ABD0CAA6 /* Pods-SSLPinningSwift.release.xcconfig */ = {isa = PBXFileReference; includeInIndex = 1; lastKnownFileType = text.xcconfig; name = "Pods-SSLPinningSwift.release.xcconfig"; path = "Target Support Files/Pods-SSLPinningSwift/Pods-SSLPinningSwift.release.xcconfig"; sourceTree = "<group>"; };
		982BA62424BDB5CC0031E922 /* SSLPinningSwift.app */ = {isa = PBXFileReference; explicitFileType = wrapper.application; includeInIndex = 0; path = SSLPinningSwift.app; sourceTree = BUILT_PRODUCTS_DIR; };
		982BA62724BDB5CC0031E922 /* AppDelegate.swift */ = {isa = PBXFileReference; lastKnownFileType = sourcecode.swift; path = AppDelegate.swift; sourceTree = "<group>"; };
		982BA62924BDB5CC0031E922 /* SceneDelegate.swift */ = {isa = PBXFileReference; lastKnownFileType = sourcecode.swift; path = SceneDelegate.swift; sourceTree = "<group>"; };
		982BA62B24BDB5CC0031E922 /* ViewController.swift */ = {isa = PBXFileReference; lastKnownFileType = sourcecode.swift; path = ViewController.swift; sourceTree = "<group>"; };
		982BA62E24BDB5CC0031E922 /* Base */ = {isa = PBXFileReference; lastKnownFileType = file.storyboard; name = Base; path = Base.lproj/Main.storyboard; sourceTree = "<group>"; };
		982BA63024BDB5CE0031E922 /* Assets.xcassets */ = {isa = PBXFileReference; lastKnownFileType = folder.assetcatalog; path = Assets.xcassets; sourceTree = "<group>"; };
		982BA63324BDB5CE0031E922 /* Base */ = {isa = PBXFileReference; lastKnownFileType = file.storyboard; name = Base; path = Base.lproj/LaunchScreen.storyboard; sourceTree = "<group>"; };
		982BA63524BDB5CE0031E922 /* Info.plist */ = {isa = PBXFileReference; lastKnownFileType = text.plist.xml; path = Info.plist; sourceTree = "<group>"; };
		982BA63B24BDB6070031E922 /* NSURLSessionPinningDelegate.swift */ = {isa = PBXFileReference; fileEncoding = 4; lastKnownFileType = sourcecode.swift; path = NSURLSessionPinningDelegate.swift; sourceTree = "<group>"; };
		982BA63D24BDB6140031E922 /* sni.cloudflaressl.com.cer */ = {isa = PBXFileReference; lastKnownFileType = file; path = sni.cloudflaressl.com.cer; sourceTree = "<group>"; };
		B8846B242576786700D9AB26 /* sni.cloudflaressl.com.cer */ = {isa = PBXFileReference; lastKnownFileType = file; name = sni.cloudflaressl.com.cer; path = ../../../../Desktop/sni.cloudflaressl.com.cer; sourceTree = "<group>"; };
		B8846B312576F93A00D9AB26 /* Podfile */ = {isa = PBXFileReference; lastKnownFileType = text; path = Podfile; sourceTree = "<group>"; xcLanguageSpecificationIdentifier = xcode.lang.ruby; };
		B8846B392576FF2B00D9AB26 /* DetailsViewController.swift */ = {isa = PBXFileReference; lastKnownFileType = sourcecode.swift; path = DetailsViewController.swift; sourceTree = "<group>"; };
		B8846B452577052100D9AB26 /* VHSZf.png */ = {isa = PBXFileReference; lastKnownFileType = image.png; path = VHSZf.png; sourceTree = "<group>"; };
		B8846B4D2577061200D9AB26 /* icons8-google-48.png */ = {isa = PBXFileReference; lastKnownFileType = image.png; path = "icons8-google-48.png"; sourceTree = "<group>"; };
		B8846B4E2577061200D9AB26 /* icons8-google-240.png */ = {isa = PBXFileReference; lastKnownFileType = image.png; path = "icons8-google-240.png"; sourceTree = "<group>"; };
		B8846B4F2577061200D9AB26 /* icons8-google-144.png */ = {isa = PBXFileReference; lastKnownFileType = image.png; path = "icons8-google-144.png"; sourceTree = "<group>"; };
		B8846B502577061200D9AB26 /* icons8-google-96.png */ = {isa = PBXFileReference; lastKnownFileType = image.png; path = "icons8-google-96.png"; sourceTree = "<group>"; };
		B8846B5E25770AC500D9AB26 /* 44594.png */ = {isa = PBXFileReference; lastKnownFileType = image.png; path = 44594.png; sourceTree = "<group>"; };
		D663ABED1936BAC769BF4E02 /* Pods_SSLPinningSwift.framework */ = {isa = PBXFileReference; explicitFileType = wrapper.framework; includeInIndex = 0; path = Pods_SSLPinningSwift.framework; sourceTree = BUILT_PRODUCTS_DIR; };
		F137A1E55188F17138AAD156 /* Pods-SSLPinningSwift.debug.xcconfig */ = {isa = PBXFileReference; includeInIndex = 1; lastKnownFileType = text.xcconfig; name = "Pods-SSLPinningSwift.debug.xcconfig"; path = "Target Support Files/Pods-SSLPinningSwift/Pods-SSLPinningSwift.debug.xcconfig"; sourceTree = "<group>"; };
/* End PBXFileReference section */

/* Begin PBXFrameworksBuildPhase section */
		982BA62124BDB5CC0031E922 /* Frameworks */ = {
			isa = PBXFrameworksBuildPhase;
			buildActionMask = 2147483647;
			files = (
				F8B2CD19DC0EE7F6AD1E4E66 /* Pods_SSLPinningSwift.framework in Frameworks */,
			);
			runOnlyForDeploymentPostprocessing = 0;
		};
/* End PBXFrameworksBuildPhase section */

/* Begin PBXGroup section */
		5B7564726843B73AF29B45E4 /* Frameworks */ = {
			isa = PBXGroup;
			children = (
				D663ABED1936BAC769BF4E02 /* Pods_SSLPinningSwift.framework */,
			);
			name = Frameworks;
			sourceTree = "<group>";
		};
		982BA61B24BDB5CC0031E922 = {
			isa = PBXGroup;
			children = (
				982BA62624BDB5CC0031E922 /* SSLPinningSwift */,
				982BA62524BDB5CC0031E922 /* Products */,
				C2FC333B5C2B5E9A933941C5 /* Pods */,
				5B7564726843B73AF29B45E4 /* Frameworks */,
			);
			sourceTree = "<group>";
		};
		982BA62524BDB5CC0031E922 /* Products */ = {
			isa = PBXGroup;
			children = (
				982BA62424BDB5CC0031E922 /* SSLPinningSwift.app */,
			);
			name = Products;
			sourceTree = "<group>";
		};
		982BA62624BDB5CC0031E922 /* SSLPinningSwift */ = {
			isa = PBXGroup;
			children = (
				982BA62724BDB5CC0031E922 /* AppDelegate.swift */,
				B8846B312576F93A00D9AB26 /* Podfile */,
				982BA62924BDB5CC0031E922 /* SceneDelegate.swift */,
				982BA62B24BDB5CC0031E922 /* ViewController.swift */,
				B8846B242576786700D9AB26 /* sni.cloudflaressl.com.cer */,
				982BA63B24BDB6070031E922 /* NSURLSessionPinningDelegate.swift */,
				B8846B392576FF2B00D9AB26 /* DetailsViewController.swift */,
				982BA62D24BDB5CC0031E922 /* Main.storyboard */,
				B8846B6325770FC700D9AB26 /* logos */,
				982BA63024BDB5CE0031E922 /* Assets.xcassets */,
				982BA63224BDB5CE0031E922 /* LaunchScreen.storyboard */,
				982BA63524BDB5CE0031E922 /* Info.plist */,
			);
			path = SSLPinningSwift;
			sourceTree = "<group>";
		};
		B8846B6325770FC700D9AB26 /* logos */ = {
			isa = PBXGroup;
			children = (
				982BA63D24BDB6140031E922 /* sni.cloudflaressl.com.cer */,
				B8846B4E2577061200D9AB26 /* icons8-google-240.png */,
				B8846B4F2577061200D9AB26 /* icons8-google-144.png */,
				B8846B502577061200D9AB26 /* icons8-google-96.png */,
				B8846B4D2577061200D9AB26 /* icons8-google-48.png */,
				B8846B5E25770AC500D9AB26 /* 44594.png */,
				B8846B452577052100D9AB26 /* VHSZf.png */,
			);
			path = logos;
			sourceTree = "<group>";
		};
		C2FC333B5C2B5E9A933941C5 /* Pods */ = {
			isa = PBXGroup;
			children = (
				F137A1E55188F17138AAD156 /* Pods-SSLPinningSwift.debug.xcconfig */,
				2AF91531399AC8C8ABD0CAA6 /* Pods-SSLPinningSwift.release.xcconfig */,
			);
			name = Pods;
			path = SSLPinningSwift/Pods;
			sourceTree = "<group>";
		};
/* End PBXGroup section */

/* Begin PBXNativeTarget section */
		982BA62324BDB5CC0031E922 /* SSLPinningSwift */ = {
			isa = PBXNativeTarget;
			buildConfigurationList = 982BA63824BDB5CE0031E922 /* Build configuration list for PBXNativeTarget "SSLPinningSwift" */;
			buildPhases = (
				59310DDA1B3263A88373DF48 /* [CP] Check Pods Manifest.lock */,
				982BA62024BDB5CC0031E922 /* Sources */,
				982BA62124BDB5CC0031E922 /* Frameworks */,
				982BA62224BDB5CC0031E922 /* Resources */,
				9B074475C89583BCA673DFFE /* [CP] Embed Pods Frameworks */,
				4FF98DBD01DD663247E418A6 /* [CP] Copy Pods Resources */,
			);
			buildRules = (
			);
			dependencies = (
			);
			name = SSLPinningSwift;
			productName = SSLPinningSwift;
			productReference = 982BA62424BDB5CC0031E922 /* SSLPinningSwift.app */;
			productType = "com.apple.product-type.application";
		};
/* End PBXNativeTarget section */

/* Begin PBXProject section */
		982BA61C24BDB5CC0031E922 /* Project object */ = {
			isa = PBXProject;
			attributes = {
				LastSwiftUpdateCheck = 1150;
				LastUpgradeCheck = 1220;
				ORGANIZATIONNAME = "Vicky ";
				TargetAttributes = {
					982BA62324BDB5CC0031E922 = {
						CreatedOnToolsVersion = 11.5;
					};
				};
			};
			buildConfigurationList = 982BA61F24BDB5CC0031E922 /* Build configuration list for PBXProject "SSLPinningSwift" */;
			compatibilityVersion = "Xcode 9.3";
			developmentRegion = en;
			hasScannedForEncodings = 0;
			knownRegions = (
				en,
				Base,
			);
			mainGroup = 982BA61B24BDB5CC0031E922;
			productRefGroup = 982BA62524BDB5CC0031E922 /* Products */;
			projectDirPath = "";
			projectRoot = "";
			targets = (
				982BA62324BDB5CC0031E922 /* SSLPinningSwift */,
			);
		};
/* End PBXProject section */

/* Begin PBXResourcesBuildPhase section */
		982BA62224BDB5CC0031E922 /* Resources */ = {
			isa = PBXResourcesBuildPhase;
			buildActionMask = 2147483647;
			files = (
				B8846B322576F93A00D9AB26 /* Podfile in Resources */,
				B8846B522577061200D9AB26 /* icons8-google-240.png in Resources */,
				982BA63424BDB5CE0031E922 /* LaunchScreen.storyboard in Resources */,
				B8846B542577061200D9AB26 /* icons8-google-96.png in Resources */,
				982BA63E24BDB6140031E922 /* sni.cloudflaressl.com.cer in Resources */,
				B8846B5F25770AC500D9AB26 /* 44594.png in Resources */,
				B8846B532577061200D9AB26 /* icons8-google-144.png in Resources */,
				B8846B462577052100D9AB26 /* VHSZf.png in Resources */,
				B8846B512577061200D9AB26 /* icons8-google-48.png in Resources */,
				982BA63124BDB5CE0031E922 /* Assets.xcassets in Resources */,
				982BA62F24BDB5CC0031E922 /* Main.storyboard in Resources */,
			);
			runOnlyForDeploymentPostprocessing = 0;
		};
/* End PBXResourcesBuildPhase section */

/* Begin PBXShellScriptBuildPhase section */
		4FF98DBD01DD663247E418A6 /* [CP] Copy Pods Resources */ = {
			isa = PBXShellScriptBuildPhase;
			buildActionMask = 2147483647;
			files = (
			);
			inputFileListPaths = (
				"${PODS_ROOT}/Target Support Files/Pods-SSLPinningSwift/Pods-SSLPinningSwift-resources-${CONFIGURATION}-input-files.xcfilelist",
			);
			name = "[CP] Copy Pods Resources";
			outputFileListPaths = (
				"${PODS_ROOT}/Target Support Files/Pods-SSLPinningSwift/Pods-SSLPinningSwift-resources-${CONFIGURATION}-output-files.xcfilelist",
			);
			runOnlyForDeploymentPostprocessing = 0;
			shellPath = /bin/sh;
			shellScript = "\"${PODS_ROOT}/Target Support Files/Pods-SSLPinningSwift/Pods-SSLPinningSwift-resources.sh\"\n";
			showEnvVarsInLog = 0;
		};
		59310DDA1B3263A88373DF48 /* [CP] Check Pods Manifest.lock */ = {
			isa = PBXShellScriptBuildPhase;
			buildActionMask = 2147483647;
			files = (
			);
			inputFileListPaths = (
			);
			inputPaths = (
				"${PODS_PODFILE_DIR_PATH}/Podfile.lock",
				"${PODS_ROOT}/Manifest.lock",
			);
			name = "[CP] Check Pods Manifest.lock";
			outputFileListPaths = (
			);
			outputPaths = (
				"$(DERIVED_FILE_DIR)/Pods-SSLPinningSwift-checkManifestLockResult.txt",
			);
			runOnlyForDeploymentPostprocessing = 0;
			shellPath = /bin/sh;
			shellScript = "diff \"${PODS_PODFILE_DIR_PATH}/Podfile.lock\" \"${PODS_ROOT}/Manifest.lock\" > /dev/null\nif [ $? != 0 ] ; then\n    # print error to STDERR\n    echo \"error: The sandbox is not in sync with the Podfile.lock. Run 'pod install' or update your CocoaPods installation.\" >&2\n    exit 1\nfi\n# This output is used by Xcode 'outputs' to avoid re-running this script phase.\necho \"SUCCESS\" > \"${SCRIPT_OUTPUT_FILE_0}\"\n";
			showEnvVarsInLog = 0;
		};
		9B074475C89583BCA673DFFE /* [CP] Embed Pods Frameworks */ = {
			isa = PBXShellScriptBuildPhase;
			buildActionMask = 2147483647;
			files = (
			);
			inputFileListPaths = (
				"${PODS_ROOT}/Target Support Files/Pods-SSLPinningSwift/Pods-SSLPinningSwift-frameworks-${CONFIGURATION}-input-files.xcfilelist",
			);
			name = "[CP] Embed Pods Frameworks";
			outputFileListPaths = (
				"${PODS_ROOT}/Target Support Files/Pods-SSLPinningSwift/Pods-SSLPinningSwift-frameworks-${CONFIGURATION}-output-files.xcfilelist",
			);
			runOnlyForDeploymentPostprocessing = 0;
			shellPath = /bin/sh;
			shellScript = "\"${PODS_ROOT}/Target Support Files/Pods-SSLPinningSwift/Pods-SSLPinningSwift-frameworks.sh\"\n";
			showEnvVarsInLog = 0;
		};
/* End PBXShellScriptBuildPhase section */

/* Begin PBXSourcesBuildPhase section */
		982BA62024BDB5CC0031E922 /* Sources */ = {
			isa = PBXSourcesBuildPhase;
			buildActionMask = 2147483647;
			files = (
				982BA62C24BDB5CC0031E922 /* ViewController.swift in Sources */,
				982BA62824BDB5CC0031E922 /* AppDelegate.swift in Sources */,
				982BA63C24BDB6070031E922 /* NSURLSessionPinningDelegate.swift in Sources */,
				982BA62A24BDB5CC0031E922 /* SceneDelegate.swift in Sources */,
				B8846B3A2576FF2B00D9AB26 /* DetailsViewController.swift in Sources */,
			);
			runOnlyForDeploymentPostprocessing = 0;
		};
/* End PBXSourcesBuildPhase section */

/* Begin PBXVariantGroup section */
		982BA62D24BDB5CC0031E922 /* Main.storyboard */ = {
			isa = PBXVariantGroup;
			children = (
				982BA62E24BDB5CC0031E922 /* Base */,
			);
			name = Main.storyboard;
			sourceTree = "<group>";
		};
		982BA63224BDB5CE0031E922 /* LaunchScreen.storyboard */ = {
			isa = PBXVariantGroup;
			children = (
				982BA63324BDB5CE0031E922 /* Base */,
			);
			name = LaunchScreen.storyboard;
			sourceTree = "<group>";
		};
/* End PBXVariantGroup section */

/* Begin XCBuildConfiguration section */
		982BA63624BDB5CE0031E922 /* Debug */ = {
			isa = XCBuildConfiguration;
			buildSettings = {
				ALWAYS_SEARCH_USER_PATHS = NO;
				CLANG_ANALYZER_NONNULL = YES;
				CLANG_ANALYZER_NUMBER_OBJECT_CONVERSION = YES_AGGRESSIVE;
				CLANG_CXX_LANGUAGE_STANDARD = "gnu++14";
				CLANG_CXX_LIBRARY = "libc++";
				CLANG_ENABLE_MODULES = YES;
				CLANG_ENABLE_OBJC_ARC = YES;
				CLANG_ENABLE_OBJC_WEAK = YES;
				CLANG_WARN_BLOCK_CAPTURE_AUTORELEASING = YES;
				CLANG_WARN_BOOL_CONVERSION = YES;
				CLANG_WARN_COMMA = YES;
				CLANG_WARN_CONSTANT_CONVERSION = YES;
				CLANG_WARN_DEPRECATED_OBJC_IMPLEMENTATIONS = YES;
				CLANG_WARN_DIRECT_OBJC_ISA_USAGE = YES_ERROR;
				CLANG_WARN_DOCUMENTATION_COMMENTS = YES;
				CLANG_WARN_EMPTY_BODY = YES;
				CLANG_WARN_ENUM_CONVERSION = YES;
				CLANG_WARN_INFINITE_RECURSION = YES;
				CLANG_WARN_INT_CONVERSION = YES;
				CLANG_WARN_NON_LITERAL_NULL_CONVERSION = YES;
				CLANG_WARN_OBJC_IMPLICIT_RETAIN_SELF = YES;
				CLANG_WARN_OBJC_LITERAL_CONVERSION = YES;
				CLANG_WARN_OBJC_ROOT_CLASS = YES_ERROR;
				CLANG_WARN_QUOTED_INCLUDE_IN_FRAMEWORK_HEADER = YES;
				CLANG_WARN_RANGE_LOOP_ANALYSIS = YES;
				CLANG_WARN_STRICT_PROTOTYPES = YES;
				CLANG_WARN_SUSPICIOUS_MOVE = YES;
				CLANG_WARN_UNGUARDED_AVAILABILITY = YES_AGGRESSIVE;
				CLANG_WARN_UNREACHABLE_CODE = YES;
				CLANG_WARN__DUPLICATE_METHOD_MATCH = YES;
				COPY_PHASE_STRIP = NO;
				DEBUG_INFORMATION_FORMAT = dwarf;
				ENABLE_STRICT_OBJC_MSGSEND = YES;
				ENABLE_TESTABILITY = YES;
				GCC_C_LANGUAGE_STANDARD = gnu11;
				GCC_DYNAMIC_NO_PIC = NO;
				GCC_NO_COMMON_BLOCKS = YES;
				GCC_OPTIMIZATION_LEVEL = 0;
				GCC_PREPROCESSOR_DEFINITIONS = (
					"DEBUG=1",
					"$(inherited)",
				);
				GCC_WARN_64_TO_32_BIT_CONVERSION = YES;
				GCC_WARN_ABOUT_RETURN_TYPE = YES_ERROR;
				GCC_WARN_UNDECLARED_SELECTOR = YES;
				GCC_WARN_UNINITIALIZED_AUTOS = YES_AGGRESSIVE;
				GCC_WARN_UNUSED_FUNCTION = YES;
				GCC_WARN_UNUSED_VARIABLE = YES;
				IPHONEOS_DEPLOYMENT_TARGET = 13.5;
				MTL_ENABLE_DEBUG_INFO = INCLUDE_SOURCE;
				MTL_FAST_MATH = YES;
				ONLY_ACTIVE_ARCH = YES;
				SDKROOT = iphoneos;
				SWIFT_ACTIVE_COMPILATION_CONDITIONS = DEBUG;
				SWIFT_OPTIMIZATION_LEVEL = "-Onone";
			};
			name = Debug;
		};
		982BA63724BDB5CE0031E922 /* Release */ = {
			isa = XCBuildConfiguration;
			buildSettings = {
				ALWAYS_SEARCH_USER_PATHS = NO;
				CLANG_ANALYZER_NONNULL = YES;
				CLANG_ANALYZER_NUMBER_OBJECT_CONVERSION = YES_AGGRESSIVE;
				CLANG_CXX_LANGUAGE_STANDARD = "gnu++14";
				CLANG_CXX_LIBRARY = "libc++";
				CLANG_ENABLE_MODULES = YES;
				CLANG_ENABLE_OBJC_ARC = YES;
				CLANG_ENABLE_OBJC_WEAK = YES;
				CLANG_WARN_BLOCK_CAPTURE_AUTORELEASING = YES;
				CLANG_WARN_BOOL_CONVERSION = YES;
				CLANG_WARN_COMMA = YES;
				CLANG_WARN_CONSTANT_CONVERSION = YES;
				CLANG_WARN_DEPRECATED_OBJC_IMPLEMENTATIONS = YES;
				CLANG_WARN_DIRECT_OBJC_ISA_USAGE = YES_ERROR;
				CLANG_WARN_DOCUMENTATION_COMMENTS = YES;
				CLANG_WARN_EMPTY_BODY = YES;
				CLANG_WARN_ENUM_CONVERSION = YES;
				CLANG_WARN_INFINITE_RECURSION = YES;
				CLANG_WARN_INT_CONVERSION = YES;
				CLANG_WARN_NON_LITERAL_NULL_CONVERSION = YES;
				CLANG_WARN_OBJC_IMPLICIT_RETAIN_SELF = YES;
				CLANG_WARN_OBJC_LITERAL_CONVERSION = YES;
				CLANG_WARN_OBJC_ROOT_CLASS = YES_ERROR;
				CLANG_WARN_QUOTED_INCLUDE_IN_FRAMEWORK_HEADER = YES;
				CLANG_WARN_RANGE_LOOP_ANALYSIS = YES;
				CLANG_WARN_STRICT_PROTOTYPES = YES;
				CLANG_WARN_SUSPICIOUS_MOVE = YES;
				CLANG_WARN_UNGUARDED_AVAILABILITY = YES_AGGRESSIVE;
				CLANG_WARN_UNREACHABLE_CODE = YES;
				CLANG_WARN__DUPLICATE_METHOD_MATCH = YES;
				COPY_PHASE_STRIP = NO;
				DEBUG_INFORMATION_FORMAT = "dwarf-with-dsym";
				ENABLE_NS_ASSERTIONS = NO;
				ENABLE_STRICT_OBJC_MSGSEND = YES;
				GCC_C_LANGUAGE_STANDARD = gnu11;
				GCC_NO_COMMON_BLOCKS = YES;
				GCC_WARN_64_TO_32_BIT_CONVERSION = YES;
				GCC_WARN_ABOUT_RETURN_TYPE = YES_ERROR;
				GCC_WARN_UNDECLARED_SELECTOR = YES;
				GCC_WARN_UNINITIALIZED_AUTOS = YES_AGGRESSIVE;
				GCC_WARN_UNUSED_FUNCTION = YES;
				GCC_WARN_UNUSED_VARIABLE = YES;
				IPHONEOS_DEPLOYMENT_TARGET = 13.5;
				MTL_ENABLE_DEBUG_INFO = NO;
				MTL_FAST_MATH = YES;
				SDKROOT = iphoneos;
				SWIFT_COMPILATION_MODE = wholemodule;
				SWIFT_OPTIMIZATION_LEVEL = "-O";
				VALIDATE_PRODUCT = YES;
			};
			name = Release;
		};
		982BA63924BDB5CE0031E922 /* Debug */ = {
			isa = XCBuildConfiguration;
			baseConfigurationReference = F137A1E55188F17138AAD156 /* Pods-SSLPinningSwift.debug.xcconfig */;
			buildSettings = {
				ASSETCATALOG_COMPILER_APPICON_NAME = AppIcon;
				CODE_SIGN_STYLE = Automatic;
				INFOPLIST_FILE = SSLPinningSwift/Info.plist;
				IPHONEOS_DEPLOYMENT_TARGET = 12.0;
				LD_RUNPATH_SEARCH_PATHS = (
					"$(inherited)",
					"@executable_path/Frameworks",
				);
				PRODUCT_BUNDLE_IDENTIFIER = com.smollan.SSLPinningSwift;
				PRODUCT_NAME = "$(TARGET_NAME)";
				SWIFT_VERSION = 5.0;
				TARGETED_DEVICE_FAMILY = "1,2";
			};
			name = Debug;
		};
		982BA63A24BDB5CE0031E922 /* Release */ = {
			isa = XCBuildConfiguration;
			baseConfigurationReference = 2AF91531399AC8C8ABD0CAA6 /* Pods-SSLPinningSwift.release.xcconfig */;
			buildSettings = {
				ASSETCATALOG_COMPILER_APPICON_NAME = AppIcon;
				CODE_SIGN_STYLE = Automatic;
				INFOPLIST_FILE = SSLPinningSwift/Info.plist;
				IPHONEOS_DEPLOYMENT_TARGET = 12.0;
				LD_RUNPATH_SEARCH_PATHS = (
					"$(inherited)",
					"@executable_path/Frameworks",
				);
				PRODUCT_BUNDLE_IDENTIFIER = com.smollan.SSLPinningSwift;
				PRODUCT_NAME = "$(TARGET_NAME)";
				SWIFT_VERSION = 5.0;
				TARGETED_DEVICE_FAMILY = "1,2";
			};
			name = Release;
		};
/* End XCBuildConfiguration section */

/* Begin XCConfigurationList section */
		982BA61F24BDB5CC0031E922 /* Build configuration list for PBXProject "SSLPinningSwift" */ = {
			isa = XCConfigurationList;
			buildConfigurations = (
				982BA63624BDB5CE0031E922 /* Debug */,
				982BA63724BDB5CE0031E922 /* Release */,
			);
			defaultConfigurationIsVisible = 0;
			defaultConfigurationName = Release;
		};
		982BA63824BDB5CE0031E922 /* Build configuration list for PBXNativeTarget "SSLPinningSwift" */ = {
			isa = XCConfigurationList;
			buildConfigurations = (
				982BA63924BDB5CE0031E922 /* Debug */,
				982BA63A24BDB5CE0031E922 /* Release */,
			);
			defaultConfigurationIsVisible = 0;
			defaultConfigurationName = Release;
		};
/* End XCConfigurationList section */
	};
	rootObject = 982BA61C24BDB5CC0031E922 /* Project object */;
}
